version = 1
revision = 3
requires-python = ">=3.10, <4"

[[package]]
name = "git-uff"
version = "0.4.0"
source = { editable = "." }
dependencies = [
    { name = "gitpython" },
    { name = "pyperclip" },
]

[package.metadata]
requires-dist = [
    { name = "gitpython", specifier = ">=3.1.12,<4" },
    { name = "pyperclip", specifier = ">=1.8.2,<2" },
]

[package.metadata.requires-dev]
dev = []

[[package]]
name = "gitdb"
version = "4.0.5"
source = { registry = "https://pypi.org/simple" }
dependencies = [
    { name = "smmap" },
]
sdist = { url = "https://files.pythonhosted.org/packages/d1/05/eaf2ac564344030d8b3ce870b116d7bb559020163e80d9aa4a3d75f3e820/gitdb-4.0.5.tar.gz", hash = "sha256:c9e1f2d0db7ddb9a704c2a0217be31214e91a4fe1dea1efad19ae42ba0c285c9", size = 392815, upload-time = "2020-05-05T03:51:13.397Z" }
wheels = [
    { url = "https://files.pythonhosted.org/packages/48/11/d1800bca0a3bae820b84b7d813ad1eff15a48a64caea9c823fc8c1b119e8/gitdb-4.0.5-py3-none-any.whl", hash = "sha256:91f36bfb1ab7949b3b40e23736db18231bf7593edada2ba5c3a174a7b23657ac", size = 63077, upload-time = "2020-05-05T03:51:09.795Z" },
]

[[package]]
name = "gitpython"
version = "3.1.12"
source = { registry = "https://pypi.org/simple" }
dependencies = [
    { name = "gitdb" },
]
sdist = { url = "https://files.pythonhosted.org/packages/ec/4d/e6553122c85ec7c4c3e702142cc0f5ed02e5cf1b4d7ecea86a07e45725a0/GitPython-3.1.12.tar.gz", hash = "sha256:42dbefd8d9e2576c496ed0059f3103dcef7125b9ce16f9d5f9c834aed44a1dac", size = 171126, upload-time = "2021-01-06T06:33:46.788Z" }
wheels = [
    { url = "https://files.pythonhosted.org/packages/d7/cb/ec98155c501b68dcb11314c7992cd3df6dce193fd763084338a117967d53/GitPython-3.1.12-py3-none-any.whl", hash = "sha256:867ec3dfb126aac0f8296b19fb63b8c4a399f32b4b6fafe84c4b10af5fa9f7b5", size = 159472, upload-time = "2021-01-06T06:33:44.03Z" },
]

[[package]]
name = "pyperclip"
version = "1.8.2"
source = { registry = "https://pypi.org/simple" }
sdist = { url = "https://files.pythonhosted.org/packages/a7/2c/4c64579f847bd5d539803c8b909e54ba087a79d01bb3aba433a95879a6c5/pyperclip-1.8.2.tar.gz", hash = "sha256:105254a8b04934f0bc84e9c24eb360a591aaf6535c9def5f29d92af107a9bf57", size = 20920, upload-time = "2021-02-21T01:04:55.809Z" }

[[package]]
name = "smmap"
version = "3.0.5"
source = { registry = "https://pypi.org/simple" }
sdist = { url = "https://files.pythonhosted.org/packages/2b/6f/d48bbed5aa971943759f4ede3f12dca40aa7faa44f22bad483de86780508/smmap-3.0.5.tar.gz", hash = "sha256:84c2751ef3072d4f6b2785ec7ee40244c6f45eb934d9e543e2c51f1bd3d54c50", size = 23228, upload-time = "2021-01-23T02:01:18.358Z" }
wheels = [
    { url = "https://files.pythonhosted.org/packages/d5/1e/6130925131f639b2acde0f7f18b73e33ce082ff2d90783c436b52040af5a/smmap-3.0.5-py2.py3-none-any.whl", hash = "sha256:7bfcf367828031dc893530a29cb35eb8c8f2d7c8f2d0989354d75d24c8573714", size = 25065, upload-time = "2021-01-23T02:01:16.563Z" },
]
